Microsoft Visual Studio Solution File, Format Version 12.00
# Visual Studio Version 17
VisualStudioVersion = 17.8.0.0
MinimumVisualStudioVersion = 17.8.0.0
Project("{9A19103F-16F7-4668-BE54-9A1E7A4F7556}") = "eBrew.Cloud.AppHost", "src\eBrew.Cloud.AppHost\eBrew.Cloud.AppHost.csproj", "{0ADB3D41-54AC-4E38-B03F-64D5E9AF76BA}"
EndProject
Project("{9A19103F-16F7-4668-BE54-9A1E7A4F7556}") = "eBrew.Cloud.ServiceDefaults", "src\eBrew.Cloud.ServiceDefaults\eBrew.Cloud.ServiceDefaults.csproj", "{0F9AE812-7B88-467B-A203-140935AFD8DA}"
EndProject
Project("{2150E333-8FDC-42A3-9474-1A3956D46DE8}") = "Storage Service", "Storage Service", "{45B4E6CF-5E5A-419F-AAB3-42B6A8BBA17D}"
EndProject
Project("{2150E333-8FDC-42A3-9474-1A3956D46DE8}") = "src", "src", "{D9C1838C-7511-45F8-95F9-1DFE553DD231}"
EndProject
Project("{FAE04EC0-301F-11D3-BF4B-00C04F79EFBC}") = "eBrew.Cloud.Storage.API", "src\eBrew.Cloud.Storage.API\eBrew.Cloud.Storage.API.csproj", "{DB3BBFE3-EDFE-4791-B993-3A25C82B22EC}"
EndProject
Project("{FAE04EC0-301F-11D3-BF4B-00C04F79EFBC}") = "eBrew.Cloud.Storage.Model", "src\eBrew.Cloud.Storage.Model\eBrew.Cloud.Storage.Model.csproj", "{77567D43-B6A8-4DA0-B721-AA0320883E4C}"
EndProject
Project("{FAE04EC0-301F-11D3-BF4B-00C04F79EFBC}") = "eBrew.Cloud.Storage.DataAccess.Interfaces", "src\eBrew.Cloud.Storage.DataAccess.Interfaces\eBrew.Cloud.Storage.DataAccess.Interfaces.csproj", "{7143433E-2418-4234-8253-47854D0CFFD9}"
EndProject
Project("{FAE04EC0-301F-11D3-BF4B-00C04F79EFBC}") = "eBrew.Cloud.Storage.DataAccess.Impl", "src\eBrew.Cloud.Storage.DataAccess.Impl\eBrew.Cloud.Storage.DataAccess.Impl.csproj", "{0AE31445-8DDE-45A6-A5CC-8E95279B35FD}"
EndProject
Project("{FAE04EC0-301F-11D3-BF4B-00C04F79EFBC}") = "eBrew.Cloud.EventBus", "src\eBrew.Cloud.EventBus\eBrew.Cloud.EventBus.csproj", "{39F856F1-2EED-47A0-8D9E-BF18CD83DD48}"
EndProject
Project("{FAE04EC0-301F-11D3-BF4B-00C04F79EFBC}") = "eBrew.Cloud.EventBus.RabbitMQ", "src\eBrew.Cloud.EventBus.RabbitMQ\eBrew.Cloud.EventBus.RabbitMQ.csproj", "{2A28F818-9B2F-4124-B049-211D6E93B1EB}"
EndProject
Project("{FAE04EC0-301F-11D3-BF4B-00C04F79EFBC}") = "eBrew.Cloud.WebApp", "src\eBrew.Cloud.WebApp\eBrew.Cloud.WebApp.csproj", "{95EAE299-50DE-4A63-BF61-605855634D86}"
EndProject
Project("{2150E333-8FDC-42A3-9474-1A3956D46DE8}") = "tests", "tests", "{D869DD83-4107-43F9-8CAC-6BE7EF94AD7E}"
EndProject
Project("{2150E333-8FDC-42A3-9474-1A3956D46DE8}") = "Solution Items", "Solution Items", "{1901B7EF-1ADB-4CC1-840F-66F8D617029B}"
	ProjectSection(SolutionItems) = preProject
		README.md = README.md
		NuGet.config = NuGet.config
		Directory.Packages.props = Directory.Packages.props
	EndProjectSection
EndProject
Project("{2150E333-8FDC-42A3-9474-1A3956D46DE8}") = "Api Key Management Service", "Api Key Management Service", "{EB05F5DC-A8E1-4E36-9156-11AABB8EE070}"
EndProject
Project("{FAE04EC0-301F-11D3-BF4B-00C04F79EFBC}") = "eBrew.Cloud.ApiKeyManagement.API", "src\eBrew.Cloud.ApiKeyManagement.API\eBrew.Cloud.ApiKeyManagement.API.csproj", "{91BCBF73-886C-4593-8900-9CA364F32E73}"
EndProject
Global
	GlobalSection(SolutionConfigurationPlatforms) = preSolution
		Debug|Any CPU = Debug|Any CPU
		Release|Any CPU = Release|Any CPU
	EndGlobalSection
	GlobalSection(ProjectConfigurationPlatforms) = postSolution
		{0ADB3D41-54AC-4E38-B03F-64D5E9AF76BA}.Debug|Any CPU.ActiveCfg = Debug|Any CPU
		{0ADB3D41-54AC-4E38-B03F-64D5E9AF76BA}.Debug|Any CPU.Build.0 = Debug|Any CPU
		{0ADB3D41-54AC-4E38-B03F-64D5E9AF76BA}.Release|Any CPU.ActiveCfg = Release|Any CPU
		{0ADB3D41-54AC-4E38-B03F-64D5E9AF76BA}.Release|Any CPU.Build.0 = Release|Any CPU
		{0F9AE812-7B88-467B-A203-140935AFD8DA}.Debug|Any CPU.ActiveCfg = Debug|Any CPU
		{0F9AE812-7B88-467B-A203-140935AFD8DA}.Debug|Any CPU.Build.0 = Debug|Any CPU
		{0F9AE812-7B88-467B-A203-140935AFD8DA}.Release|Any CPU.ActiveCfg = Release|Any CPU
		{0F9AE812-7B88-467B-A203-140935AFD8DA}.Release|Any CPU.Build.0 = Release|Any CPU
		{DB3BBFE3-EDFE-4791-B993-3A25C82B22EC}.Debug|Any CPU.ActiveCfg = Debug|Any CPU
		{DB3BBFE3-EDFE-4791-B993-3A25C82B22EC}.Debug|Any CPU.Build.0 = Debug|Any CPU
		{DB3BBFE3-EDFE-4791-B993-3A25C82B22EC}.Release|Any CPU.ActiveCfg = Release|Any CPU
		{DB3BBFE3-EDFE-4791-B993-3A25C82B22EC}.Release|Any CPU.Build.0 = Release|Any CPU
		{77567D43-B6A8-4DA0-B721-AA0320883E4C}.Debug|Any CPU.ActiveCfg = Debug|Any CPU
		{77567D43-B6A8-4DA0-B721-AA0320883E4C}.Debug|Any CPU.Build.0 = Debug|Any CPU
		{77567D43-B6A8-4DA0-B721-AA0320883E4C}.Release|Any CPU.ActiveCfg = Release|Any CPU
		{77567D43-B6A8-4DA0-B721-AA0320883E4C}.Release|Any CPU.Build.0 = Release|Any CPU
		{7143433E-2418-4234-8253-47854D0CFFD9}.Debug|Any CPU.ActiveCfg = Debug|Any CPU
		{7143433E-2418-4234-8253-47854D0CFFD9}.Debug|Any CPU.Build.0 = Debug|Any CPU
		{7143433E-2418-4234-8253-47854D0CFFD9}.Release|Any CPU.ActiveCfg = Release|Any CPU
		{7143433E-2418-4234-8253-47854D0CFFD9}.Release|Any CPU.Build.0 = Release|Any CPU
		{0AE31445-8DDE-45A6-A5CC-8E95279B35FD}.Debug|Any CPU.ActiveCfg = Debug|Any CPU
		{0AE31445-8DDE-45A6-A5CC-8E95279B35FD}.Debug|Any CPU.Build.0 = Debug|Any CPU
		{0AE31445-8DDE-45A6-A5CC-8E95279B35FD}.Release|Any CPU.ActiveCfg = Release|Any CPU
		{0AE31445-8DDE-45A6-A5CC-8E95279B35FD}.Release|Any CPU.Build.0 = Release|Any CPU
		{39F856F1-2EED-47A0-8D9E-BF18CD83DD48}.Debug|Any CPU.ActiveCfg = Debug|Any CPU
		{39F856F1-2EED-47A0-8D9E-BF18CD83DD48}.Debug|Any CPU.Build.0 = Debug|Any CPU
		{39F856F1-2EED-47A0-8D9E-BF18CD83DD48}.Release|Any CPU.ActiveCfg = Release|Any CPU
		{39F856F1-2EED-47A0-8D9E-BF18CD83DD48}.Release|Any CPU.Build.0 = Release|Any CPU
		{2A28F818-9B2F-4124-B049-211D6E93B1EB}.Debug|Any CPU.ActiveCfg = Debug|Any CPU
		{2A28F818-9B2F-4124-B049-211D6E93B1EB}.Debug|Any CPU.Build.0 = Debug|Any CPU
		{2A28F818-9B2F-4124-B049-211D6E93B1EB}.Release|Any CPU.ActiveCfg = Release|Any CPU
		{2A28F818-9B2F-4124-B049-211D6E93B1EB}.Release|Any CPU.Build.0 = Release|Any CPU
		{95EAE299-50DE-4A63-BF61-605855634D86}.Debug|Any CPU.ActiveCfg = Debug|Any CPU
		{95EAE299-50DE-4A63-BF61-605855634D86}.Debug|Any CPU.Build.0 = Debug|Any CPU
		{95EAE299-50DE-4A63-BF61-605855634D86}.Release|Any CPU.ActiveCfg = Release|Any CPU
		{95EAE299-50DE-4A63-BF61-605855634D86}.Release|Any CPU.Build.0 = Release|Any CPU
		{91BCBF73-886C-4593-8900-9CA364F32E73}.Debug|Any CPU.ActiveCfg = Debug|Any CPU
		{91BCBF73-886C-4593-8900-9CA364F32E73}.Debug|Any CPU.Build.0 = Debug|Any CPU
		{91BCBF73-886C-4593-8900-9CA364F32E73}.Release|Any CPU.ActiveCfg = Release|Any CPU
		{91BCBF73-886C-4593-8900-9CA364F32E73}.Release|Any CPU.Build.0 = Release|Any CPU
	EndGlobalSection
	GlobalSection(SolutionProperties) = preSolution
		HideSolutionNode = FALSE
	EndGlobalSection
	GlobalSection(ExtensibilityGlobals) = postSolution
		SolutionGuid = {F2A8F22F-5472-4C70-9B7F-EF4B5307420F}
	EndGlobalSection
	GlobalSection(NestedProjects) = preSolution
		{45B4E6CF-5E5A-419F-AAB3-42B6A8BBA17D} = {D9C1838C-7511-45F8-95F9-1DFE553DD231}
		{0ADB3D41-54AC-4E38-B03F-64D5E9AF76BA} = {D9C1838C-7511-45F8-95F9-1DFE553DD231}
		{0F9AE812-7B88-467B-A203-140935AFD8DA} = {D9C1838C-7511-45F8-95F9-1DFE553DD231}
		{DB3BBFE3-EDFE-4791-B993-3A25C82B22EC} = {45B4E6CF-5E5A-419F-AAB3-42B6A8BBA17D}
		{77567D43-B6A8-4DA0-B721-AA0320883E4C} = {45B4E6CF-5E5A-419F-AAB3-42B6A8BBA17D}
		{7143433E-2418-4234-8253-47854D0CFFD9} = {45B4E6CF-5E5A-419F-AAB3-42B6A8BBA17D}
		{0AE31445-8DDE-45A6-A5CC-8E95279B35FD} = {45B4E6CF-5E5A-419F-AAB3-42B6A8BBA17D}
		{39F856F1-2EED-47A0-8D9E-BF18CD83DD48} = {D9C1838C-7511-45F8-95F9-1DFE553DD231}
		{2A28F818-9B2F-4124-B049-211D6E93B1EB} = {D9C1838C-7511-45F8-95F9-1DFE553DD231}
		{95EAE299-50DE-4A63-BF61-605855634D86} = {D9C1838C-7511-45F8-95F9-1DFE553DD231}
		{EB05F5DC-A8E1-4E36-9156-11AABB8EE070} = {D9C1838C-7511-45F8-95F9-1DFE553DD231}
		{91BCBF73-886C-4593-8900-9CA364F32E73} = {EB05F5DC-A8E1-4E36-9156-11AABB8EE070}
	EndGlobalSection
EndGlobal
